<?xml version="1.0" encoding="utf-8"?>
<Project ToolsVersion="14.0" xmlns="http://schemas.microsoft.com/developer/msbuild/2003">
  <ItemGroup>
    <ClCompile Include="C:\Git\teamtalk5\Client\TeamTalkClassic\explorer1.cpp">
      <Filter>Source Files</Filter>
    </ClCompile>
    <ClCompile Include="C:\Git\teamtalk5\Client\TeamTalkClassic\gui\AboutBox.cpp">
      <Filter>Source Files</Filter>
    </ClCompile>
    <ClCompile Include="C:\Git\teamtalk5\Client\TeamTalkClassic\gui\AbuseTab.cpp">
      <Filter>Source Files</Filter>
    </ClCompile>
    <ClCompile Include="C:\Git\teamtalk5\Client\TeamTalkClassic\gui\AdvancedPage.cpp">
      <Filter>Source Files</Filter>
    </ClCompile>
    <ClCompile Include="C:\Git\teamtalk5\Client\TeamTalkClassic\gui\BannedDlg.cpp">
      <Filter>Source Files</Filter>
    </ClCompile>
    <ClCompile Include="C:\Git\teamtalk5\Client\TeamTalkClassic\gui\BanTypeDlg.cpp">
      <Filter>Source Files</Filter>
    </ClCompile>
    <ClCompile Include="C:\Git\teamtalk5\Client\TeamTalkClassic\gui\BearWareLoginDlg.cpp">
      <Filter>Source Files</Filter>
    </ClCompile>
    <ClCompile Include="C:\Git\teamtalk5\Client\TeamTalkClassic\gui\BitmapSlider.cpp">
      <Filter>Source Files</Filter>
    </ClCompile>
    <ClCompile Include="C:\Git\teamtalk5\Client\TeamTalkClassic\gui\ChangeStatusDlg.cpp">
      <Filter>Source Files</Filter>
    </ClCompile>
    <ClCompile Include="C:\Git\teamtalk5\Client\TeamTalkClassic\gui\ChannelDlg.cpp">
      <Filter>Source Files</Filter>
    </ClCompile>
    <ClCompile Include="C:\Git\teamtalk5\Client\TeamTalkClassic\gui\ChannelOpTab.cpp">
      <Filter>Source Files</Filter>
    </ClCompile>
    <ClCompile Include="C:\Git\teamtalk5\Client\TeamTalkClassic\gui\ChatRichEditCtrl.cpp">
      <Filter>Source Files</Filter>
    </ClCompile>
    <ClCompile Include="C:\Git\teamtalk5\Client\TeamTalkClassic\gui\ChatTab.cpp">
      <Filter>Source Files</Filter>
    </ClCompile>
    <ClCompile Include="C:\Git\teamtalk5\Client\TeamTalkClassic\gui\ClientPage.cpp">
      <Filter>Source Files</Filter>
    </ClCompile>
    <ClCompile Include="C:\Git\teamtalk5\Client\TeamTalkClassic\gui\CodecLimitTab.cpp">
      <Filter>Source Files</Filter>
    </ClCompile>
    <ClCompile Include="C:\Git\teamtalk5\Client\TeamTalkClassic\gui\DesktopShareDlg.cpp">
      <Filter>Source Files</Filter>
    </ClCompile>
    <ClCompile Include="C:\Git\teamtalk5\Client\TeamTalkClassic\gui\dialogex\ControlsEx.cpp">
      <Filter>Source Files</Filter>
    </ClCompile>
    <ClCompile Include="C:\Git\teamtalk5\Client\TeamTalkClassic\gui\dialogex\DialogEx.cpp">
      <Filter>Source Files</Filter>
    </ClCompile>
    <ClCompile Include="C:\Git\teamtalk5\Client\TeamTalkClassic\gui\ExListBox.cpp">
      <Filter>Source Files</Filter>
    </ClCompile>
    <ClCompile Include="C:\Git\teamtalk5\Client\TeamTalkClassic\gui\FilesListCtrl.cpp">
      <Filter>Source Files</Filter>
    </ClCompile>
    <ClCompile Include="C:\Git\teamtalk5\Client\TeamTalkClassic\gui\FilesTab.cpp">
      <Filter>Source Files</Filter>
    </ClCompile>
    <ClCompile Include="C:\Git\teamtalk5\Client\TeamTalkClassic\gui\FileTransferDlg.cpp">
      <Filter>Source Files</Filter>
    </ClCompile>
    <ClCompile Include="C:\Git\teamtalk5\Client\TeamTalkClassic\gui\GeneralPage.cpp">
      <Filter>Source Files</Filter>
    </ClCompile>
    <ClCompile Include="C:\Git\teamtalk5\Client\TeamTalkClassic\gui\GenerateTTFileDlg.cpp">
      <Filter>Source Files</Filter>
    </ClCompile>
    <ClCompile Include="C:\Git\teamtalk5\Client\TeamTalkClassic\gui\HostManagerDlg.cpp">
      <Filter>Source Files</Filter>
    </ClCompile>
    <ClCompile Include="C:\Git\teamtalk5\Client\TeamTalkClassic\gui\InputDlg.cpp">
      <Filter>Source Files</Filter>
    </ClCompile>
    <ClCompile Include="C:\Git\teamtalk5\Client\TeamTalkClassic\gui\KeyCompDlg.cpp">
      <Filter>Source Files</Filter>
    </ClCompile>
    <ClCompile Include="C:\Git\teamtalk5\Client\TeamTalkClassic\gui\MediaStorageDlg.cpp">
      <Filter>Source Files</Filter>
    </ClCompile>
    <ClCompile Include="C:\Git\teamtalk5\Client\TeamTalkClassic\gui\MessageDlg.cpp">
      <Filter>Source Files</Filter>
    </ClCompile>
    <ClCompile Include="C:\Git\teamtalk5\Client\TeamTalkClassic\gui\MoveToChannelDlg.cpp">
      <Filter>Source Files</Filter>
    </ClCompile>
    <ClCompile Include="C:\Git\teamtalk5\Client\TeamTalkClassic\gui\MyBitmapButton.cpp">
      <Filter>Source Files</Filter>
    </ClCompile>
    <ClCompile Include="C:\Git\teamtalk5\Client\TeamTalkClassic\gui\MyEdit.cpp">
      <Filter>Source Files</Filter>
    </ClCompile>
    <ClCompile Include="C:\Git\teamtalk5\Client\TeamTalkClassic\gui\MyPropertySheet.cpp">
      <Filter>Source Files</Filter>
    </ClCompile>
    <ClCompile Include="C:\Git\teamtalk5\Client\TeamTalkClassic\gui\MySliderCtrl.cpp">
      <Filter>Source Files</Filter>
    </ClCompile>
    <ClCompile Include="C:\Git\teamtalk5\Client\TeamTalkClassic\gui\MyTab.cpp">
      <Filter>Source Files</Filter>
    </ClCompile>
    <ClCompile Include="C:\Git\teamtalk5\Client\TeamTalkClassic\gui\MyTabCtrl.cpp">
      <Filter>Source Files</Filter>
    </ClCompile>
    <ClCompile Include="C:\Git\teamtalk5\Client\TeamTalkClassic\gui\OnlineUsersDlg.cpp">
      <Filter>Source Files</Filter>
    </ClCompile>
    <ClCompile Include="C:\Git\teamtalk5\Client\TeamTalkClassic\gui\PositionUsersDlg.cpp">
      <Filter>Source Files</Filter>
    </ClCompile>
    <ClCompile Include="C:\Git\teamtalk5\Client\TeamTalkClassic\gui\Resizer.cpp">
      <Filter>Source Files</Filter>
    </ClCompile>
    <ClCompile Include="C:\Git\teamtalk5\Client\TeamTalkClassic\gui\RichEditThemed.cpp">
      <Filter>Source Files</Filter>
    </ClCompile>
    <ClCompile Include="C:\Git\teamtalk5\Client\TeamTalkClassic\gui\RoomBox.cpp">
      <Filter>Source Files</Filter>
    </ClCompile>
    <ClCompile Include="C:\Git\teamtalk5\Client\TeamTalkClassic\gui\ServerPropertiesDlg.cpp">
      <Filter>Source Files</Filter>
    </ClCompile>
    <ClCompile Include="C:\Git\teamtalk5\Client\TeamTalkClassic\gui\ServerStatisticsDlg.cpp">
      <Filter>Source Files</Filter>
    </ClCompile>
    <ClCompile Include="C:\Git\teamtalk5\Client\TeamTalkClassic\gui\SessionTreeCtrl.cpp">
      <Filter>Source Files</Filter>
    </ClCompile>
    <ClCompile Include="C:\Git\teamtalk5\Client\TeamTalkClassic\gui\SessionTreeCtrlWin32.cpp">
      <Filter>Source Files</Filter>
    </ClCompile>
    <ClCompile Include="C:\Git\teamtalk5\Client\TeamTalkClassic\gui\ShortcutsPage.cpp">
      <Filter>Source Files</Filter>
    </ClCompile>
    <ClCompile Include="C:\Git\teamtalk5\Client\TeamTalkClassic\gui\SoundEventsPage.cpp">
      <Filter>Source Files</Filter>
    </ClCompile>
    <ClCompile Include="C:\Git\teamtalk5\Client\TeamTalkClassic\gui\SoundSysPage.cpp">
      <Filter>Source Files</Filter>
    </ClCompile>
    <ClCompile Include="C:\Git\teamtalk5\Client\TeamTalkClassic\gui\SpeexDSPDlg.cpp">
      <Filter>Source Files</Filter>
    </ClCompile>
    <ClCompile Include="C:\Git\teamtalk5\Client\TeamTalkClassic\gui\splitterbar.cpp">
      <Filter>Source Files</Filter>
    </ClCompile>
    <ClCompile Include="C:\Git\teamtalk5\Client\TeamTalkClassic\gui\StreamMediaDlg.cpp">
      <Filter>Source Files</Filter>
    </ClCompile>
    <ClCompile Include="C:\Git\teamtalk5\Client\TeamTalkClassic\gui\SysColStatic.cpp">
      <Filter>Source Files</Filter>
    </ClCompile>
    <ClCompile Include="C:\Git\teamtalk5\Client\TeamTalkClassic\gui\SystemTray.cpp">
      <Filter>Source Files</Filter>
    </ClCompile>
    <ClCompile Include="C:\Git\teamtalk5\Client\TeamTalkClassic\gui\TextToSpeechPage.cpp">
      <Filter>Source Files</Filter>
    </ClCompile>
    <ClCompile Include="C:\Git\teamtalk5\Client\TeamTalkClassic\gui\TTAudioPreprocessorDlg.cpp">
      <Filter>Source Files</Filter>
    </ClCompile>
    <ClCompile Include="C:\Git\teamtalk5\Client\TeamTalkClassic\gui\UserAccountsDlg.cpp">
      <Filter>Source Files</Filter>
    </ClCompile>
    <ClCompile Include="C:\Git\teamtalk5\Client\TeamTalkClassic\gui\UserButton.cpp">
      <Filter>Source Files</Filter>
    </ClCompile>
    <ClCompile Include="C:\Git\teamtalk5\Client\TeamTalkClassic\gui\UserDesktopDlg.cpp">
      <Filter>Source Files</Filter>
    </ClCompile>
    <ClCompile Include="C:\Git\teamtalk5\Client\TeamTalkClassic\gui\UserInfoDlg.cpp">
      <Filter>Source Files</Filter>
    </ClCompile>
    <ClCompile Include="C:\Git\teamtalk5\Client\TeamTalkClassic\gui\UserVideoDlg.cpp">
      <Filter>Source Files</Filter>
    </ClCompile>
    <ClCompile Include="C:\Git\teamtalk5\Client\TeamTalkClassic\gui\UserVolumeDlg.cpp">
      <Filter>Source Files</Filter>
    </ClCompile>
    <ClCompile Include="C:\Git\teamtalk5\Client\TeamTalkClassic\gui\VideoCapturePage.cpp">
      <Filter>Source Files</Filter>
    </ClCompile>
    <ClCompile Include="C:\Git\teamtalk5\Client\TeamTalkClassic\gui\WebLoginDlg.cpp">
      <Filter>Source Files</Filter>
    </ClCompile>
    <ClCompile Include="C:\Git\teamtalk5\Client\TeamTalkClassic\gui\WindowPage.cpp">
      <Filter>Source Files</Filter>
    </ClCompile>
    <ClCompile Include="C:\Git\teamtalk5\Client\TeamTalkClassic\gui\XPTabCtrl.cpp">
      <Filter>Source Files</Filter>
    </ClCompile>
    <ClCompile Include="C:\Git\teamtalk5\Client\TeamTalkClassic\Helper.cpp">
      <Filter>Source Files</Filter>
    </ClCompile>
    <ClCompile Include="C:\Git\teamtalk5\Client\TeamTalkClassic\HttpRequest.cpp">
      <Filter>Source Files</Filter>
    </ClCompile>
    <ClCompile Include="C:\Git\teamtalk5\Client\TeamTalkClassic\Languages.cpp">
      <Filter>Source Files</Filter>
    </ClCompile>
    <ClCompile Include="C:\Git\teamtalk5\Client\TeamTalkClassic\PlaySoundThread.cpp">
      <Filter>Source Files</Filter>
    </ClCompile>
    <ClCompile Include="C:\Git\teamtalk5\Client\TeamTalkClassic\settings\ClientXML.cpp">
      <Filter>Source Files</Filter>
    </ClCompile>
    <ClCompile Include="C:\Git\teamtalk5\Client\TeamTalkClassic\settings\MyStd.cpp">
      <Filter>Source Files</Filter>
    </ClCompile>
    <ClCompile Include="C:\Git\teamtalk5\Client\TeamTalkClassic\settings\Settings.cpp">
      <Filter>Source Files</Filter>
    </ClCompile>
    <ClCompile Include="C:\Git\teamtalk5\Client\TeamTalkClassic\settings\XMLLanguages.cpp">
      <Filter>Source Files</Filter>
    </ClCompile>
    <ClCompile Include="C:\Git\teamtalk5\Client\TeamTalkClassic\TeamTalkApp.cpp">
      <Filter>Source Files</Filter>
    </ClCompile>
    <ClCompile Include="C:\Git\teamtalk5\Client\TeamTalkClassic\TeamTalkBase.cpp">
      <Filter>Source Files</Filter>
    </ClCompile>
    <ClCompile Include="C:\Git\teamtalk5\Client\TeamTalkClassic\TeamTalkDlg.cpp">
      <Filter>Source Files</Filter>
    </ClCompile>
    <ClCompile Include="C:\Git\teamtalk5\Client\TeamTalkClassic\wizard\BmpPalette.cpp">
      <Filter>Source Files</Filter>
    </ClCompile>
    <ClCompile Include="C:\Git\teamtalk5\Client\TeamTalkClassic\wizard\DIBitmap.cpp">
      <Filter>Source Files</Filter>
    </ClCompile>
    <ClCompile Include="C:\Git\teamtalk5\Client\TeamTalkClassic\wizard\NGWizard.cpp">
      <Filter>Source Files</Filter>
    </ClCompile>
    <ClCompile Include="C:\Git\teamtalk5\Client\TeamTalkClassic\wizard\NGWizardPage.cpp">
      <Filter>Source Files</Filter>
    </ClCompile>
    <ClCompile Include="C:\Git\teamtalk5\Client\TeamTalkClassic\wizard\ResizeCtrl.cpp">
      <Filter>Source Files</Filter>
    </ClCompile>
    <ClCompile Include="C:\Git\teamtalk5\Client\TeamTalkClassic\wizard\WizCompletionPage.cpp">
      <Filter>Source Files</Filter>
    </ClCompile>
    <ClCompile Include="C:\Git\teamtalk5\Client\TeamTalkClassic\wizard\WizGeneralPage.cpp">
      <Filter>Source Files</Filter>
    </ClCompile>
    <ClCompile Include="C:\Git\teamtalk5\Client\TeamTalkClassic\wizard\WizMasterSheet.cpp">
      <Filter>Source Files</Filter>
    </ClCompile>
    <ClCompile Include="C:\Git\teamtalk5\Client\TeamTalkClassic\wizard\WizSoundSysPage.cpp">
      <Filter>Source Files</Filter>
    </ClCompile>
    <ClCompile Include="C:\Git\teamtalk5\Client\TeamTalkClassic\wizard\WizWelcomePage.cpp">
      <Filter>Source Files</Filter>
    </ClCompile>
    <ClCompile Include="C:\Git\teamtalk5\Client\TeamTalkClassic\stdafx.cpp">
      <Filter>Source Files</Filter>
    </ClCompile>
    <ClCompile Include="C:\Git\teamtalk5\Client\TeamTalkClassic\tinyxml\tinystr.cpp">
      <Filter>Source Files</Filter>
    </ClCompile>
    <ClCompile Include="C:\Git\teamtalk5\Client\TeamTalkClassic\tinyxml\tinyxml.cpp">
      <Filter>Source Files</Filter>
    </ClCompile>
    <ClCompile Include="C:\Git\teamtalk5\Client\TeamTalkClassic\tinyxml\tinyxmlerror.cpp">
      <Filter>Source Files</Filter>
    </ClCompile>
    <ClCompile Include="C:\Git\teamtalk5\Client\TeamTalkClassic\tinyxml\tinyxmlparser.cpp">
      <Filter>Source Files</Filter>
    </ClCompile>
  </ItemGroup>
  <ItemGroup>
    <ClInclude Include="C:\Git\teamtalk5\Client\TeamTalkClassic\AppInfo.h">
      <Filter>Header Files</Filter>
    </ClInclude>
    <ClInclude Include="C:\Git\teamtalk5\Client\TeamTalkClassic\explorer1.h">
      <Filter>Header Files</Filter>
    </ClInclude>
    <ClInclude Include="C:\Git\teamtalk5\Client\TeamTalkClassic\gui\AboutBox.h">
      <Filter>Header Files</Filter>
    </ClInclude>
    <ClInclude Include="C:\Git\teamtalk5\Client\TeamTalkClassic\gui\AbuseTab.h">
      <Filter>Header Files</Filter>
    </ClInclude>
    <ClInclude Include="C:\Git\teamtalk5\Client\TeamTalkClassic\gui\AdvancedPage.h">
      <Filter>Header Files</Filter>
    </ClInclude>
    <ClInclude Include="C:\Git\teamtalk5\Client\TeamTalkClassic\gui\BannedDlg.h">
      <Filter>Header Files</Filter>
    </ClInclude>
    <ClInclude Include="C:\Git\teamtalk5\Client\TeamTalkClassic\gui\BanTypeDlg.h">
      <Filter>Header Files</Filter>
    </ClInclude>
    <ClInclude Include="C:\Git\teamtalk5\Client\TeamTalkClassic\gui\BearWareLoginDlg.h">
      <Filter>Header Files</Filter>
    </ClInclude>
    <ClInclude Include="C:\Git\teamtalk5\Client\TeamTalkClassic\gui\BitmapSlider.h">
      <Filter>Header Files</Filter>
    </ClInclude>
    <ClInclude Include="C:\Git\teamtalk5\Client\TeamTalkClassic\gui\ChangeStatusDlg.h">
      <Filter>Header Files</Filter>
    </ClInclude>
    <ClInclude Include="C:\Git\teamtalk5\Client\TeamTalkClassic\gui\ChannelDlg.h">
      <Filter>Header Files</Filter>
    </ClInclude>
    <ClInclude Include="C:\Git\teamtalk5\Client\TeamTalkClassic\gui\ChannelOpTab.h">
      <Filter>Header Files</Filter>
    </ClInclude>
    <ClInclude Include="C:\Git\teamtalk5\Client\TeamTalkClassic\gui\ChatRichEditCtrl.h">
      <Filter>Header Files</Filter>
    </ClInclude>
    <ClInclude Include="C:\Git\teamtalk5\Client\TeamTalkClassic\gui\ChatTab.h">
      <Filter>Header Files</Filter>
    </ClInclude>
    <ClInclude Include="C:\Git\teamtalk5\Client\TeamTalkClassic\gui\ClientPage.h">
      <Filter>Header Files</Filter>
    </ClInclude>
    <ClInclude Include="C:\Git\teamtalk5\Client\TeamTalkClassic\gui\CodecLimitTab.h">
      <Filter>Header Files</Filter>
    </ClInclude>
    <ClInclude Include="C:\Git\teamtalk5\Client\TeamTalkClassic\gui\DesktopShareDlg.h">
      <Filter>Header Files</Filter>
    </ClInclude>
    <ClInclude Include="C:\Git\teamtalk5\Client\TeamTalkClassic\gui\dialogex\ControlsEx.h">
      <Filter>Header Files</Filter>
    </ClInclude>
    <ClInclude Include="C:\Git\teamtalk5\Client\TeamTalkClassic\gui\dialogex\DialogEx.h">
      <Filter>Header Files</Filter>
    </ClInclude>
    <ClInclude Include="C:\Git\teamtalk5\Client\TeamTalkClassic\gui\ExListBox.h">
      <Filter>Header Files</Filter>
    </ClInclude>
    <ClInclude Include="C:\Git\teamtalk5\Client\TeamTalkClassic\gui\FilesListCtrl.h">
      <Filter>Header Files</Filter>
    </ClInclude>
    <ClInclude Include="C:\Git\teamtalk5\Client\TeamTalkClassic\gui\FilesTab.h">
      <Filter>Header Files</Filter>
    </ClInclude>
    <ClInclude Include="C:\Git\teamtalk5\Client\TeamTalkClassic\gui\FileTransferDlg.h">
      <Filter>Header Files</Filter>
    </ClInclude>
    <ClInclude Include="C:\Git\teamtalk5\Client\TeamTalkClassic\gui\GeneralPage.h">
      <Filter>Header Files</Filter>
    </ClInclude>
    <ClInclude Include="C:\Git\teamtalk5\Client\TeamTalkClassic\gui\GenerateTTFileDlg.h">
      <Filter>Header Files</Filter>
    </ClInclude>
    <ClInclude Include="C:\Git\teamtalk5\Client\TeamTalkClassic\gui\HostManagerDlg.h">
      <Filter>Header Files</Filter>
    </ClInclude>
    <ClInclude Include="C:\Git\teamtalk5\Client\TeamTalkClassic\gui\InputDlg.h">
      <Filter>Header Files</Filter>
    </ClInclude>
    <ClInclude Include="C:\Git\teamtalk5\Client\TeamTalkClassic\gui\KeyCompDlg.h">
      <Filter>Header Files</Filter>
    </ClInclude>
    <ClInclude Include="C:\Git\teamtalk5\Client\TeamTalkClassic\gui\MediaStorageDlg.h">
      <Filter>Header Files</Filter>
    </ClInclude>
    <ClInclude Include="C:\Git\teamtalk5\Client\TeamTalkClassic\gui\MessageDlg.h">
      <Filter>Header Files</Filter>
    </ClInclude>
    <ClInclude Include="C:\Git\teamtalk5\Client\TeamTalkClassic\gui\MoveToChannelDlg.h">
      <Filter>Header Files</Filter>
    </ClInclude>
    <ClInclude Include="C:\Git\teamtalk5\Client\TeamTalkClassic\gui\MyBitmapButton.h">
      <Filter>Header Files</Filter>
    </ClInclude>
    <ClInclude Include="C:\Git\teamtalk5\Client\TeamTalkClassic\gui\MyEdit.h">
      <Filter>Header Files</Filter>
    </ClInclude>
    <ClInclude Include="C:\Git\teamtalk5\Client\TeamTalkClassic\gui\MyPropertySheet.h">
      <Filter>Header Files</Filter>
    </ClInclude>
    <ClInclude Include="C:\Git\teamtalk5\Client\TeamTalkClassic\gui\MySliderCtrl.h">
      <Filter>Header Files</Filter>
    </ClInclude>
    <ClInclude Include="C:\Git\teamtalk5\Client\TeamTalkClassic\gui\MyTab.h">
      <Filter>Header Files</Filter>
    </ClInclude>
    <ClInclude Include="C:\Git\teamtalk5\Client\TeamTalkClassic\gui\MyTabCtrl.h">
      <Filter>Header Files</Filter>
    </ClInclude>
    <ClInclude Include="C:\Git\teamtalk5\Client\TeamTalkClassic\gui\OnlineUsersDlg.h">
      <Filter>Header Files</Filter>
    </ClInclude>
    <ClInclude Include="C:\Git\teamtalk5\Client\TeamTalkClassic\gui\PositionUsersDlg.h">
      <Filter>Header Files</Filter>
    </ClInclude>
    <ClInclude Include="C:\Git\teamtalk5\Client\TeamTalkClassic\gui\Resizer.h">
      <Filter>Header Files</Filter>
    </ClInclude>
    <ClInclude Include="C:\Git\teamtalk5\Client\TeamTalkClassic\gui\RichEditThemed.h">
      <Filter>Header Files</Filter>
    </ClInclude>
    <ClInclude Include="C:\Git\teamtalk5\Client\TeamTalkClassic\gui\RoomBox.h">
      <Filter>Header Files</Filter>
    </ClInclude>
    <ClInclude Include="C:\Git\teamtalk5\Client\TeamTalkClassic\gui\ServerPropertiesDlg.h">
      <Filter>Header Files</Filter>
    </ClInclude>
    <ClInclude Include="C:\Git\teamtalk5\Client\TeamTalkClassic\gui\ServerStatisticsDlg.h">
      <Filter>Header Files</Filter>
    </ClInclude>
    <ClInclude Include="C:\Git\teamtalk5\Client\TeamTalkClassic\gui\SessionTreeCtrl.h">
      <Filter>Header Files</Filter>
    </ClInclude>
    <ClInclude Include="C:\Git\teamtalk5\Client\TeamTalkClassic\gui\SessionTreeCtrlWin32.h">
      <Filter>Header Files</Filter>
    </ClInclude>
    <ClInclude Include="C:\Git\teamtalk5\Client\TeamTalkClassic\gui\ShortcutsPage.h">
      <Filter>Header Files</Filter>
    </ClInclude>
    <ClInclude Include="C:\Git\teamtalk5\Client\TeamTalkClassic\gui\SoundEventsPage.h">
      <Filter>Header Files</Filter>
    </ClInclude>
    <ClInclude Include="C:\Git\teamtalk5\Client\TeamTalkClassic\gui\SoundSysPage.h">
      <Filter>Header Files</Filter>
    </ClInclude>
    <ClInclude Include="C:\Git\teamtalk5\Client\TeamTalkClassic\gui\SpeexDSPDlg.h">
      <Filter>Header Files</Filter>
    </ClInclude>
    <ClInclude Include="C:\Git\teamtalk5\Client\TeamTalkClassic\gui\splitterbar.h">
      <Filter>Header Files</Filter>
    </ClInclude>
    <ClInclude Include="C:\Git\teamtalk5\Client\TeamTalkClassic\gui\StreamMediaDlg.h">
      <Filter>Header Files</Filter>
    </ClInclude>
    <ClInclude Include="C:\Git\teamtalk5\Client\TeamTalkClassic\gui\SysColStatic.h">
      <Filter>Header Files</Filter>
    </ClInclude>
    <ClInclude Include="C:\Git\teamtalk5\Client\TeamTalkClassic\gui\SystemTray.h">
      <Filter>Header Files</Filter>
    </ClInclude>
    <ClInclude Include="C:\Git\teamtalk5\Client\TeamTalkClassic\gui\TextToSpeechPage.h">
      <Filter>Header Files</Filter>
    </ClInclude>
    <ClInclude Include="C:\Git\teamtalk5\Client\TeamTalkClassic\gui\TTAudioPreprocessorDlg.h">
      <Filter>Header Files</Filter>
    </ClInclude>
    <ClInclude Include="C:\Git\teamtalk5\Client\TeamTalkClassic\gui\UserAccountsDlg.h">
      <Filter>Header Files</Filter>
    </ClInclude>
    <ClInclude Include="C:\Git\teamtalk5\Client\TeamTalkClassic\gui\UserButton.h">
      <Filter>Header Files</Filter>
    </ClInclude>
    <ClInclude Include="C:\Git\teamtalk5\Client\TeamTalkClassic\gui\UserDesktopDlg.h">
      <Filter>Header Files</Filter>
    </ClInclude>
    <ClInclude Include="C:\Git\teamtalk5\Client\TeamTalkClassic\gui\UserInfoDlg.h">
      <Filter>Header Files</Filter>
    </ClInclude>
    <ClInclude Include="C:\Git\teamtalk5\Client\TeamTalkClassic\gui\UserVideoDlg.h">
      <Filter>Header Files</Filter>
    </ClInclude>
    <ClInclude Include="C:\Git\teamtalk5\Client\TeamTalkClassic\gui\UserVolumeDlg.h">
      <Filter>Header Files</Filter>
    </ClInclude>
    <ClInclude Include="C:\Git\teamtalk5\Client\TeamTalkClassic\gui\VideoCapturePage.h">
      <Filter>Header Files</Filter>
    </ClInclude>
    <ClInclude Include="C:\Git\teamtalk5\Client\TeamTalkClassic\gui\WebLoginDlg.h">
      <Filter>Header Files</Filter>
    </ClInclude>
    <ClInclude Include="C:\Git\teamtalk5\Client\TeamTalkClassic\gui\WindowPage.h">
      <Filter>Header Files</Filter>
    </ClInclude>
    <ClInclude Include="C:\Git\teamtalk5\Client\TeamTalkClassic\gui\XPTabCtrl.h">
      <Filter>Header Files</Filter>
    </ClInclude>
    <ClInclude Include="C:\Git\teamtalk5\Client\TeamTalkClassic\Helper.h">
      <Filter>Header Files</Filter>
    </ClInclude>
    <ClInclude Include="C:\Git\teamtalk5\Client\TeamTalkClassic\HttpRequest.h">
      <Filter>Header Files</Filter>
    </ClInclude>
    <ClInclude Include="C:\Git\teamtalk5\Client\TeamTalkClassic\Languages.h">
      <Filter>Header Files</Filter>
    </ClInclude>
    <ClInclude Include="C:\Git\teamtalk5\Client\TeamTalkClassic\License.h">
      <Filter>Header Files</Filter>
    </ClInclude>
    <ClInclude Include="C:\Git\teamtalk5\Client\TeamTalkClassic\PlaySoundThread.h">
      <Filter>Header Files</Filter>
    </ClInclude>
    <ClInclude Include="C:\Git\teamtalk5\Client\TeamTalkClassic\resource.h">
      <Filter>Header Files</Filter>
    </ClInclude>
    <ClInclude Include="C:\Git\teamtalk5\Client\TeamTalkClassic\settings\ClientXML.h">
      <Filter>Header Files</Filter>
    </ClInclude>
    <ClInclude Include="C:\Git\teamtalk5\Client\TeamTalkClassic\settings\MyStd.h">
      <Filter>Header Files</Filter>
    </ClInclude>
    <ClInclude Include="C:\Git\teamtalk5\Client\TeamTalkClassic\settings\Settings.h">
      <Filter>Header Files</Filter>
    </ClInclude>
    <ClInclude Include="C:\Git\teamtalk5\Client\TeamTalkClassic\settings\XMLLanguages.h">
      <Filter>Header Files</Filter>
    </ClInclude>
    <ClInclude Include="C:\Git\teamtalk5\Client\TeamTalkClassic\stdafx.h">
      <Filter>Header Files</Filter>
    </ClInclude>
    <ClInclude Include="C:\Git\teamtalk5\Client\TeamTalkClassic\TeamTalkApp.h">
      <Filter>Header Files</Filter>
    </ClInclude>
    <ClInclude Include="C:\Git\teamtalk5\Client\TeamTalkClassic\TeamTalkBase.h">
      <Filter>Header Files</Filter>
    </ClInclude>
    <ClInclude Include="C:\Git\teamtalk5\Client\TeamTalkClassic\TeamTalkDlg.h">
      <Filter>Header Files</Filter>
    </ClInclude>
    <ClInclude Include="C:\Git\teamtalk5\Client\TeamTalkClassic\wizard\BmpPalette.h">
      <Filter>Header Files</Filter>
    </ClInclude>
    <ClInclude Include="C:\Git\teamtalk5\Client\TeamTalkClassic\wizard\DIBitmap.h">
      <Filter>Header Files</Filter>
    </ClInclude>
    <ClInclude Include="C:\Git\teamtalk5\Client\TeamTalkClassic\wizard\NGWizard.h">
      <Filter>Header Files</Filter>
    </ClInclude>
    <ClInclude Include="C:\Git\teamtalk5\Client\TeamTalkClassic\wizard\NGWizardPage.h">
      <Filter>Header Files</Filter>
    </ClInclude>
    <ClInclude Include="C:\Git\teamtalk5\Client\TeamTalkClassic\wizard\ResizeCtrl.h">
      <Filter>Header Files</Filter>
    </ClInclude>
    <ClInclude Include="C:\Git\teamtalk5\Client\TeamTalkClassic\wizard\WizCompletionPage.h">
      <Filter>Header Files</Filter>
    </ClInclude>
    <ClInclude Include="C:\Git\teamtalk5\Client\TeamTalkClassic\wizard\WizGeneralPage.h">
      <Filter>Header Files</Filter>
    </ClInclude>
    <ClInclude Include="C:\Git\teamtalk5\Client\TeamTalkClassic\wizard\WizMasterSheet.h">
      <Filter>Header Files</Filter>
    </ClInclude>
    <ClInclude Include="C:\Git\teamtalk5\Client\TeamTalkClassic\wizard\WizSoundSysPage.h">
      <Filter>Header Files</Filter>
    </ClInclude>
    <ClInclude Include="C:\Git\teamtalk5\Client\TeamTalkClassic\wizard\WizWelcomePage.h">
      <Filter>Header Files</Filter>
    </ClInclude>
    <ClInclude Include="C:\Git\teamtalk5\Client\TeamTalkClassic\tinyxml\tinystr.h">
      <Filter>Header Files</Filter>
    </ClInclude>
    <ClInclude Include="C:\Git\teamtalk5\Client\TeamTalkClassic\tinyxml\tinyxml.h">
      <Filter>Header Files</Filter>
    </ClInclude>
  </ItemGroup>
  <ItemGroup>
    <CustomBuild Include="C:\Git\teamtalk5\Client\TeamTalkClassic\CMakeLists.txt" />
  </ItemGroup>
  <ItemGroup>
    <None Include="C:\Git\teamtalk5\Client\TeamTalkClassic\res\bitmap1.bmp" />
    <None Include="C:\Git\teamtalk5\Client\TeamTalkClassic\res\bmp00001.bmp" />
    <None Include="C:\Git\teamtalk5\Client\TeamTalkClassic\res\bmp00002.bmp" />
    <None Include="C:\Git\teamtalk5\Client\TeamTalkClassic\res\bmp00003.bmp" />
    <None Include="C:\Git\teamtalk5\Client\TeamTalkClassic\res\bmp00004.bmp" />
    <None Include="C:\Git\teamtalk5\Client\TeamTalkClassic\res\bmp00005.bmp" />
    <None Include="C:\Git\teamtalk5\Client\TeamTalkClassic\res\bmp00006.bmp" />
    <None Include="C:\Git\teamtalk5\Client\TeamTalkClassic\res\icon1.ico" />
    <None Include="C:\Git\teamtalk5\Client\TeamTalkClassic\res\logo.bmp" />
    <None Include="C:\Git\teamtalk5\Client\TeamTalkClassic\res\session.bmp" />
    <None Include="C:\Git\teamtalk5\Client\TeamTalkClassic\res\session2.bmp" />
    <None Include="C:\Git\teamtalk5\Client\TeamTalkClassic\res\TeamTalk.ico" />
    <None Include="C:\Git\teamtalk5\Client\TeamTalkClassic\res\toolbar1.bmp" />
    <None Include="C:\Git\teamtalk5\Client\TeamTalkClassic\res\toolbar2.bmp" />
  </ItemGroup>
  <ItemGroup>
    <ResourceCompile Include="C:\Git\teamtalk5\Client\TeamTalkClassic\TeamTalk.rc">
      <Filter>Source Files</Filter>
    </ResourceCompile>
  </ItemGroup>
  <ItemGroup>
    <Filter Include="Header Files">
      <UniqueIdentifier>{E03EFA9D-9647-305F-9507-FF2CCEBE2FF2}</UniqueIdentifier>
    </Filter>
    <Filter Include="Source Files">
      <UniqueIdentifier>{E699BF77-A7AA-3F16-BF40-C0F174F1CDE2}</UniqueIdentifier>
    </Filter>
  </ItemGroup>
</Project>
