// !$*UTF8*$!
{
	archiveVersion = 1;
	classes = {
	};
	objectVersion = 46;
	objects = {

/* Begin PBXBuildFile section */
		2501A9C11C59254A00C729B3 /* SpeechListViewController.swift in Sources */ = {isa = PBXBuildFile; fileRef = 2501A9C01C59254A00C729B3 /* SpeechListViewController.swift */; };
		2516CB6C1BA8818B00EF9A17 /* UserTableCell.swift in Sources */ = {isa = PBXBuildFile; fileRef = 2516CB6B1BA8818B00EF9A17 /* UserTableCell.swift */; };
		2516CB6E1BA9EE9900EF9A17 /* ChannelDetailViewController.swift in Sources */ = {isa = PBXBuildFile; fileRef = 2516CB6D1BA9EE9900EF9A17 /* ChannelDetailViewController.swift */; };
		2516CB721BA9FE8B00EF9A17 /* UserDetailViewController.swift in Sources */ = {isa = PBXBuildFile; fileRef = 2516CB711BA9FE8B00EF9A17 /* UserDetailViewController.swift */; };
		251997F41EBA5FD3003C94B1 /* txqueue_start.mp3 in Resources */ = {isa = PBXBuildFile; fileRef = 251997F31EBA5FD3003C94B1 /* txqueue_start.mp3 */; };
		251997F61EBA5FDE003C94B1 /* txqueue_stop.mp3 in Resources */ = {isa = PBXBuildFile; fileRef = 251997F51EBA5FDE003C94B1 /* txqueue_stop.mp3 */; };
		251997F81EBA5FE7003C94B1 /* voiceact_off.mp3 in Resources */ = {isa = PBXBuildFile; fileRef = 251997F71EBA5FE7003C94B1 /* voiceact_off.mp3 */; };
		251997FA1EBA5FEF003C94B1 /* voiceact_on.mp3 in Resources */ = {isa = PBXBuildFile; fileRef = 251997F91EBA5FEF003C94B1 /* voiceact_on.mp3 */; };
		251B87C9225000E8009DC5AC /* WebLoginViewController.swift in Sources */ = {isa = PBXBuildFile; fileRef = 251B87C8225000E8009DC5AC /* WebLoginViewController.swift */; };
		251F61361BD68F6700617C43 /* TextMsgTableCell.swift in Sources */ = {isa = PBXBuildFile; fileRef = 251F61351BD68F6700617C43 /* TextMsgTableCell.swift */; };
		253343BF1C8C85CF00B43A9A /* Splash-568h.png in Resources */ = {isa = PBXBuildFile; fileRef = 253343BE1C8C85CF00B43A9A /* Splash-568h.png */; };
		253713361BC8F0C700A7ADB3 /* MainTabBarController.swift in Sources */ = {isa = PBXBuildFile; fileRef = 253713351BC8F0C700A7ADB3 /* MainTabBarController.swift */; };
		2537133A1BC97D1200A7ADB3 /* Settings.bundle in Resources */ = {isa = PBXBuildFile; fileRef = 253713391BC97D1200A7ADB3 /* Settings.bundle */; };
		2537133C1BCA59E600A7ADB3 /* TextMessageViewController.swift in Sources */ = {isa = PBXBuildFile; fileRef = 2537133B1BCA59E600A7ADB3 /* TextMessageViewController.swift */; };
		2537133E1BCEA77D00A7ADB3 /* AudioCodecViewController.swift in Sources */ = {isa = PBXBuildFile; fileRef = 2537133D1BCEA77D00A7ADB3 /* AudioCodecViewController.swift */; };
		254B7A4D1B98BAA300BE0DEF /* AppDelegate.swift in Sources */ = {isa = PBXBuildFile; fileRef = 254B7A4C1B98BAA300BE0DEF /* AppDelegate.swift */; };
		254B7A521B98BAA300BE0DEF /* Main.storyboard in Resources */ = {isa = PBXBuildFile; fileRef = 254B7A501B98BAA300BE0DEF /* Main.storyboard */; };
		254B7A541B98BAA300BE0DEF /* Images.xcassets in Resources */ = {isa = PBXBuildFile; fileRef = 254B7A531B98BAA300BE0DEF /* Images.xcassets */; };
		254B7A571B98BAA300BE0DEF /* LaunchScreen.xib in Resources */ = {isa = PBXBuildFile; fileRef = 254B7A551B98BAA300BE0DEF /* LaunchScreen.xib */; };
		254B7A631B98BAA400BE0DEF /* iTeamTalkTests.swift in Sources */ = {isa = PBXBuildFile; fileRef = 254B7A621B98BAA400BE0DEF /* iTeamTalkTests.swift */; };
		254B7A6D1B98BCFC00BE0DEF /* ServerTableCell.swift in Sources */ = {isa = PBXBuildFile; fileRef = 254B7A6C1B98BCFC00BE0DEF /* ServerTableCell.swift */; };
		254B7A6F1B98C89600BE0DEF /* AppInfo.swift in Sources */ = {isa = PBXBuildFile; fileRef = 254B7A6E1B98C89600BE0DEF /* AppInfo.swift */; };
		254B7A721B99E67400BE0DEF /* AudioToolbox.framework in Frameworks */ = {isa = PBXBuildFile; fileRef = 254B7A701B99E67400BE0DEF /* AudioToolbox.framework */; };
		254B7A731B99E67400BE0DEF /* AVFoundation.framework in Frameworks */ = {isa = PBXBuildFile; fileRef = 254B7A711B99E67400BE0DEF /* AVFoundation.framework */; };
		254B7A771B99E68800BE0DEF /* libstdc++.dylib in Frameworks */ = {isa = PBXBuildFile; fileRef = 254B7A751B99E68800BE0DEF /* libstdc++.dylib */; };
		254B7A791B99E69200BE0DEF /* libz.dylib in Frameworks */ = {isa = PBXBuildFile; fileRef = 254B7A781B99E69200BE0DEF /* libz.dylib */; };
		254B7A7B1B99E77000BE0DEF /* libTeamTalk5.a in Frameworks */ = {isa = PBXBuildFile; fileRef = 254B7A7A1B99E77000BE0DEF /* libTeamTalk5.a */; };
		254B7A801B9DE2C700BE0DEF /* iTeamTalk-Bridging-Header.m in Sources */ = {isa = PBXBuildFile; fileRef = 254B7A7F1B9DE2C700BE0DEF /* iTeamTalk-Bridging-Header.m */; };
		254B7A821B9F73F300BE0DEF /* ServerDetailViewController.swift in Sources */ = {isa = PBXBuildFile; fileRef = 254B7A811B9F73F300BE0DEF /* ServerDetailViewController.swift */; };
		254B7A841BA0C72700BE0DEF /* ServerListViewController.swift in Sources */ = {isa = PBXBuildFile; fileRef = 254B7A831BA0C72700BE0DEF /* ServerListViewController.swift */; };
		254C084B1C345E3700C98566 /* newuser.mp3 in Resources */ = {isa = PBXBuildFile; fileRef = 254C08491C345E3700C98566 /* newuser.mp3 */; };
		254C084C1C345E3700C98566 /* removeuser.mp3 in Resources */ = {isa = PBXBuildFile; fileRef = 254C084A1C345E3700C98566 /* removeuser.mp3 */; };
		259B12F91C4182E7008A355E /* Localizable.strings in Resources */ = {isa = PBXBuildFile; fileRef = 259B12F71C4182E7008A355E /* Localizable.strings */; };
		25A062751BA477CB00DC1F9B /* ChannelTableCell.swift in Sources */ = {isa = PBXBuildFile; fileRef = 25A062741BA477CB00DC1F9B /* ChannelTableCell.swift */; };
		25A062771BA4789F00DC1F9B /* ChannelListViewController.swift in Sources */ = {isa = PBXBuildFile; fileRef = 25A062761BA4789F00DC1F9B /* ChannelListViewController.swift */; };
		25AA206A1BE933310089AD54 /* PreferencesViewController.swift in Sources */ = {isa = PBXBuildFile; fileRef = 25AA20691BE933310089AD54 /* PreferencesViewController.swift */; };
		25AA206E1BEBCA0A0089AD54 /* off.mp3 in Resources */ = {isa = PBXBuildFile; fileRef = 25AA206D1BEBCA0A0089AD54 /* off.mp3 */; };
		25BA014721557109003C836D /* TextToSpeechViewController.swift in Sources */ = {isa = PBXBuildFile; fileRef = 25BA014621557109003C836D /* TextToSpeechViewController.swift */; };
		25BA014921557F48003C836D /* SoundEventsViewController.swift in Sources */ = {isa = PBXBuildFile; fileRef = 25BA014821557F48003C836D /* SoundEventsViewController.swift */; };
		25D205E522ACCD260009F286 /* broadcast_message.mp3 in Resources */ = {isa = PBXBuildFile; fileRef = 25D205E422ACCD260009F286 /* broadcast_message.mp3 */; };
		25DD929F1BB2FA0E00779988 /* Common.swift in Sources */ = {isa = PBXBuildFile; fileRef = 25DD929E1BB2FA0E00779988 /* Common.swift */; };
		25DE1FC01FADAAC800EA77D6 /* FBSDKLoginKit.framework in Frameworks */ = {isa = PBXBuildFile; fileRef = 25DE1FBE1FADAAC800EA77D6 /* FBSDKLoginKit.framework */; };
		25DE1FC11FADAAC800EA77D6 /* FBSDKCoreKit.framework in Frameworks */ = {isa = PBXBuildFile; fileRef = 25DE1FBF1FADAAC800EA77D6 /* FBSDKCoreKit.framework */; };
		25DF9A021C5E00E100469BA8 /* License.swift in Sources */ = {isa = PBXBuildFile; fileRef = 25DF9A011C5E00E100469BA8 /* License.swift */; };
		25E4DC2E1BF7347200EC5A8C /* on.mp3 in Resources */ = {isa = PBXBuildFile; fileRef = 25E4DC2D1BF7347200EC5A8C /* on.mp3 */; };
		25E4DC321BF7360D00EC5A8C /* channel_message.mp3 in Resources */ = {isa = PBXBuildFile; fileRef = 25E4DC2F1BF7360D00EC5A8C /* channel_message.mp3 */; };
		25E4DC331BF7360D00EC5A8C /* serverlost.mp3 in Resources */ = {isa = PBXBuildFile; fileRef = 25E4DC301BF7360D00EC5A8C /* serverlost.mp3 */; };
		25E4DC341BF7360D00EC5A8C /* user_message.mp3 in Resources */ = {isa = PBXBuildFile; fileRef = 25E4DC311BF7360D00EC5A8C /* user_message.mp3 */; };
/* End PBXBuildFile section */

/* Begin PBXContainerItemProxy section */
		254B7A5D1B98BAA400BE0DEF /* PBXContainerItemProxy */ = {
			isa = PBXContainerItemProxy;
			containerPortal = 254B7A3F1B98BAA300BE0DEF /* Project object */;
			proxyType = 1;
			remoteGlobalIDString = 254B7A461B98BAA300BE0DEF;
			remoteInfo = iTeamTalk;
		};
/* End PBXContainerItemProxy section */

/* Begin PBXFileReference section */
		2501A9B81C52A35900C729B3 /* fr */ = {isa = PBXFileReference; lastKnownFileType = text.plist.strings; name = fr; path = fr.lproj/Main.strings; sourceTree = "<group>"; };
		2501A9BA1C52A35A00C729B3 /* fr */ = {isa = PBXFileReference; lastKnownFileType = text.plist.strings; name = fr; path = fr.lproj/Localizable.strings; sourceTree = "<group>"; };
		2501A9BB1C52A36800C729B3 /* pl */ = {isa = PBXFileReference; lastKnownFileType = text.plist.strings; name = pl; path = pl.lproj/Main.strings; sourceTree = "<group>"; };
		2501A9BD1C52A36800C729B3 /* pl */ = {isa = PBXFileReference; lastKnownFileType = text.plist.strings; name = pl; path = pl.lproj/Localizable.strings; sourceTree = "<group>"; };
		2501A9C01C59254A00C729B3 /* SpeechListViewController.swift */ = {isa = PBXFileReference; fileEncoding = 4; lastKnownFileType = sourcecode.swift; path = SpeechListViewController.swift; sourceTree = "<group>"; };
		2516CB6B1BA8818B00EF9A17 /* UserTableCell.swift */ = {isa = PBXFileReference; fileEncoding = 4; lastKnownFileType = sourcecode.swift; path = UserTableCell.swift; sourceTree = "<group>"; };
		2516CB6D1BA9EE9900EF9A17 /* ChannelDetailViewController.swift */ = {isa = PBXFileReference; fileEncoding = 4; lastKnownFileType = sourcecode.swift; path = ChannelDetailViewController.swift; sourceTree = "<group>"; };
		2516CB711BA9FE8B00EF9A17 /* UserDetailViewController.swift */ = {isa = PBXFileReference; fileEncoding = 4; lastKnownFileType = sourcecode.swift; path = UserDetailViewController.swift; sourceTree = "<group>"; };
		251997F01EB911FA003C94B1 /* ar */ = {isa = PBXFileReference; lastKnownFileType = text.plist.strings; name = ar; path = ar.lproj/Main.strings; sourceTree = "<group>"; };
		251997F21EB911FB003C94B1 /* ar */ = {isa = PBXFileReference; lastKnownFileType = text.plist.strings; name = ar; path = ar.lproj/Localizable.strings; sourceTree = "<group>"; };
		251997F31EBA5FD3003C94B1 /* txqueue_start.mp3 */ = {isa = PBXFileReference; lastKnownFileType = audio.mp3; path = txqueue_start.mp3; sourceTree = "<group>"; };
		251997F51EBA5FDE003C94B1 /* txqueue_stop.mp3 */ = {isa = PBXFileReference; lastKnownFileType = audio.mp3; path = txqueue_stop.mp3; sourceTree = "<group>"; };
		251997F71EBA5FE7003C94B1 /* voiceact_off.mp3 */ = {isa = PBXFileReference; lastKnownFileType = audio.mp3; path = voiceact_off.mp3; sourceTree = "<group>"; };
		251997F91EBA5FEF003C94B1 /* voiceact_on.mp3 */ = {isa = PBXFileReference; lastKnownFileType = audio.mp3; path = voiceact_on.mp3; sourceTree = "<group>"; };
		251B42671C5BC1C8009650EA /* en */ = {isa = PBXFileReference; lastKnownFileType = text.plist.strings; name = en; path = en.lproj/Main.strings; sourceTree = "<group>"; };
		251B42681C5D4723009650EA /* hu */ = {isa = PBXFileReference; lastKnownFileType = text.plist.strings; name = hu; path = hu.lproj/Main.strings; sourceTree = "<group>"; };
		251B42691C5D4723009650EA /* hu */ = {isa = PBXFileReference; lastKnownFileType = text.plist.strings; name = hu; path = hu.lproj/Localizable.strings; sourceTree = "<group>"; };
		251B426A1C5D4A31009650EA /* da */ = {isa = PBXFileReference; lastKnownFileType = text.plist.strings; name = da; path = da.lproj/Main.strings; sourceTree = "<group>"; };
		251B426B1C5D4A31009650EA /* da */ = {isa = PBXFileReference; lastKnownFileType = text.plist.strings; name = da; path = da.lproj/Localizable.strings; sourceTree = "<group>"; };
		251B87C8225000E8009DC5AC /* WebLoginViewController.swift */ = {isa = PBXFileReference; lastKnownFileType = sourcecode.swift; path = WebLoginViewController.swift; sourceTree = "<group>"; };
		251F61351BD68F6700617C43 /* TextMsgTableCell.swift */ = {isa = PBXFileReference; fileEncoding = 4; lastKnownFileType = sourcecode.swift; path = TextMsgTableCell.swift; sourceTree = "<group>"; };
		252BDD5F1C85F90600102B5E /* nl */ = {isa = PBXFileReference; lastKnownFileType = text.plist.strings; name = nl; path = nl.lproj/Main.strings; sourceTree = "<group>"; };
		252BDD611C85F90600102B5E /* nl */ = {isa = PBXFileReference; lastKnownFileType = text.plist.strings; name = nl; path = nl.lproj/Localizable.strings; sourceTree = "<group>"; };
		252EB82C21921FE60026A2D0 /* zh */ = {isa = PBXFileReference; lastKnownFileType = text.plist.strings; name = zh; path = zh.lproj/Main.strings; sourceTree = "<group>"; };
		252EB82E21921FE70026A2D0 /* zh */ = {isa = PBXFileReference; lastKnownFileType = text.plist.strings; name = zh; path = zh.lproj/Localizable.strings; sourceTree = "<group>"; };
		253343BE1C8C85CF00B43A9A /* Splash-568h.png */ = {isa = PBXFileReference; lastKnownFileType = image.png; name = "Splash-568h.png"; path = "iTeamTalk/Splash-568h.png"; sourceTree = "<group>"; };
		253713351BC8F0C700A7ADB3 /* MainTabBarController.swift */ = {isa = PBXFileReference; fileEncoding = 4; lastKnownFileType = sourcecode.swift; path = MainTabBarController.swift; sourceTree = "<group>"; };
		253713391BC97D1200A7ADB3 /* Settings.bundle */ = {isa = PBXFileReference; lastKnownFileType = "wrapper.plug-in"; path = Settings.bundle; sourceTree = "<group>"; };
		2537133B1BCA59E600A7ADB3 /* TextMessageViewController.swift */ = {isa = PBXFileReference; fileEncoding = 4; lastKnownFileType = sourcecode.swift; path = TextMessageViewController.swift; sourceTree = "<group>"; };
		2537133D1BCEA77D00A7ADB3 /* AudioCodecViewController.swift */ = {isa = PBXFileReference; fileEncoding = 4; lastKnownFileType = sourcecode.swift; path = AudioCodecViewController.swift; sourceTree = "<group>"; };
		254057771C418D190090C769 /* tr */ = {isa = PBXFileReference; lastKnownFileType = text.plist.strings; name = tr; path = tr.lproj/Main.strings; sourceTree = "<group>"; };
		254057791C418D190090C769 /* tr */ = {isa = PBXFileReference; lastKnownFileType = text.plist.strings; name = tr; path = tr.lproj/Localizable.strings; sourceTree = "<group>"; };
		254B7A471B98BAA300BE0DEF /* iTeamTalk.app */ = {isa = PBXFileReference; explicitFileType = wrapper.application; includeInIndex = 0; path = iTeamTalk.app; sourceTree = BUILT_PRODUCTS_DIR; };
		254B7A4B1B98BAA300BE0DEF /* Info.plist */ = {isa = PBXFileReference; lastKnownFileType = text.plist.xml; path = Info.plist; sourceTree = "<group>"; };
		254B7A4C1B98BAA300BE0DEF /* AppDelegate.swift */ = {isa = PBXFileReference; lastKnownFileType = sourcecode.swift; path = AppDelegate.swift; sourceTree = "<group>"; };
		254B7A511B98BAA300BE0DEF /* Base */ = {isa = PBXFileReference; lastKnownFileType = file.storyboard; name = Base; path = Base.lproj/Main.storyboard; sourceTree = "<group>"; };
		254B7A531B98BAA300BE0DEF /* Images.xcassets */ = {isa = PBXFileReference; lastKnownFileType = folder.assetcatalog; path = Images.xcassets; sourceTree = "<group>"; };
		254B7A561B98BAA300BE0DEF /* Base */ = {isa = PBXFileReference; lastKnownFileType = file.xib; name = Base; path = Base.lproj/LaunchScreen.xib; sourceTree = "<group>"; };
		254B7A5C1B98BAA400BE0DEF /* iTeamTalkTests.xctest */ = {isa = PBXFileReference; explicitFileType = wrapper.cfbundle; includeInIndex = 0; path = iTeamTalkTests.xctest; sourceTree = BUILT_PRODUCTS_DIR; };
		254B7A611B98BAA400BE0DEF /* Info.plist */ = {isa = PBXFileReference; lastKnownFileType = text.plist.xml; path = Info.plist; sourceTree = "<group>"; };
		254B7A621B98BAA400BE0DEF /* iTeamTalkTests.swift */ = {isa = PBXFileReference; lastKnownFileType = sourcecode.swift; path = iTeamTalkTests.swift; sourceTree = "<group>"; };
		254B7A6C1B98BCFC00BE0DEF /* ServerTableCell.swift */ = {isa = PBXFileReference; fileEncoding = 4; lastKnownFileType = sourcecode.swift; path = ServerTableCell.swift; sourceTree = "<group>"; };
		254B7A6E1B98C89600BE0DEF /* AppInfo.swift */ = {isa = PBXFileReference; fileEncoding = 4; lastKnownFileType = sourcecode.swift; path = AppInfo.swift; sourceTree = "<group>"; };
		254B7A701B99E67400BE0DEF /* AudioToolbox.framework */ = {isa = PBXFileReference; lastKnownFileType = wrapper.framework; name = AudioToolbox.framework; path = System/Library/Frameworks/AudioToolbox.framework; sourceTree = SDKROOT; };
		254B7A711B99E67400BE0DEF /* AVFoundation.framework */ = {isa = PBXFileReference; lastKnownFileType = wrapper.framework; name = AVFoundation.framework; path = System/Library/Frameworks/AVFoundation.framework; sourceTree = SDKROOT; };
		254B7A751B99E68800BE0DEF /* libstdc++.dylib */ = {isa = PBXFileReference; lastKnownFileType = "compiled.mach-o.dylib"; name = "libstdc++.dylib"; path = "usr/lib/libstdc++.dylib"; sourceTree = SDKROOT; };
		254B7A781B99E69200BE0DEF /* libz.dylib */ = {isa = PBXFileReference; lastKnownFileType = "compiled.mach-o.dylib"; name = libz.dylib; path = usr/lib/libz.dylib; sourceTree = SDKROOT; };
		254B7A7A1B99E77000BE0DEF /* libTeamTalk5.a */ = {isa = PBXFileReference; lastKnownFileType = archive.ar; name = libTeamTalk5.a; path = ../../Library/TeamTalk_DLL/libTeamTalk5.a; sourceTree = "<group>"; };
		254B7A7E1B9DE2C500BE0DEF /* iTeamTalk-Bridging-Header.h */ = {isa = PBXFileReference; lastKnownFileType = sourcecode.c.h; path = "iTeamTalk-Bridging-Header.h"; sourceTree = "<group>"; };
		254B7A7F1B9DE2C700BE0DEF /* iTeamTalk-Bridging-Header.m */ = {isa = PBXFileReference; fileEncoding = 4; lastKnownFileType = sourcecode.c.objc; path = "iTeamTalk-Bridging-Header.m"; sourceTree = "<group>"; };
		254B7A811B9F73F300BE0DEF /* ServerDetailViewController.swift */ = {isa = PBXFileReference; fileEncoding = 4; lastKnownFileType = sourcecode.swift; path = ServerDetailViewController.swift; sourceTree = "<group>"; };
		254B7A831BA0C72700BE0DEF /* ServerListViewController.swift */ = {isa = PBXFileReference; fileEncoding = 4; lastKnownFileType = sourcecode.swift; path = ServerListViewController.swift; sourceTree = "<group>"; };
		254C08491C345E3700C98566 /* newuser.mp3 */ = {isa = PBXFileReference; lastKnownFileType = audio.mp3; path = newuser.mp3; sourceTree = "<group>"; };
		254C084A1C345E3700C98566 /* removeuser.mp3 */ = {isa = PBXFileReference; lastKnownFileType = audio.mp3; path = removeuser.mp3; sourceTree = "<group>"; };
		256328171C41A9F20055373F /* ru */ = {isa = PBXFileReference; lastKnownFileType = text.plist.strings; name = ru; path = ru.lproj/Main.strings; sourceTree = "<group>"; };
		256328191C41A9F20055373F /* ru */ = {isa = PBXFileReference; lastKnownFileType = text.plist.strings; name = ru; path = ru.lproj/Localizable.strings; sourceTree = "<group>"; };
		259B12F81C4182E7008A355E /* Base */ = {isa = PBXFileReference; lastKnownFileType = text.plist.strings; name = Base; path = Base.lproj/Localizable.strings; sourceTree = "<group>"; };
		259B12FA1C4182FE008A355E /* en */ = {isa = PBXFileReference; lastKnownFileType = text.plist.strings; name = en; path = en.lproj/Localizable.strings; sourceTree = "<group>"; };
		25A062741BA477CB00DC1F9B /* ChannelTableCell.swift */ = {isa = PBXFileReference; fileEncoding = 4; lastKnownFileType = sourcecode.swift; path = ChannelTableCell.swift; sourceTree = "<group>"; };
		25A062761BA4789F00DC1F9B /* ChannelListViewController.swift */ = {isa = PBXFileReference; fileEncoding = 4; lastKnownFileType = sourcecode.swift; path = ChannelListViewController.swift; sourceTree = "<group>"; };
		25AA20691BE933310089AD54 /* PreferencesViewController.swift */ = {isa = PBXFileReference; fileEncoding = 4; lastKnownFileType = sourcecode.swift; path = PreferencesViewController.swift; sourceTree = "<group>"; };
		25AA206D1BEBCA0A0089AD54 /* off.mp3 */ = {isa = PBXFileReference; lastKnownFileType = audio.mp3; path = off.mp3; sourceTree = "<group>"; };
		25AB78D31C4831460073E6B8 /* de */ = {isa = PBXFileReference; lastKnownFileType = text.plist.strings; name = de; path = de.lproj/Main.strings; sourceTree = "<group>"; };
		25AB78D51C4831460073E6B8 /* de */ = {isa = PBXFileReference; lastKnownFileType = text.plist.strings; name = de; path = de.lproj/Localizable.strings; sourceTree = "<group>"; };
		25AB78D61C494DD50073E6B8 /* es */ = {isa = PBXFileReference; lastKnownFileType = text.plist.strings; name = es; path = es.lproj/Main.strings; sourceTree = "<group>"; };
		25AB78D81C494DD50073E6B8 /* es */ = {isa = PBXFileReference; lastKnownFileType = text.plist.strings; name = es; path = es.lproj/Localizable.strings; sourceTree = "<group>"; };
		25BA014621557109003C836D /* TextToSpeechViewController.swift */ = {isa = PBXFileReference; lastKnownFileType = sourcecode.swift; path = TextToSpeechViewController.swift; sourceTree = "<group>"; };
		25BA014821557F48003C836D /* SoundEventsViewController.swift */ = {isa = PBXFileReference; lastKnownFileType = sourcecode.swift; path = SoundEventsViewController.swift; sourceTree = "<group>"; };
		25D205E422ACCD260009F286 /* broadcast_message.mp3 */ = {isa = PBXFileReference; lastKnownFileType = audio.mp3; path = broadcast_message.mp3; sourceTree = "<group>"; };
		25DD929E1BB2FA0E00779988 /* Common.swift */ = {isa = PBXFileReference; fileEncoding = 4; lastKnownFileType = sourcecode.swift; path = Common.swift; sourceTree = "<group>"; };
		25DE1FBE1FADAAC800EA77D6 /* FBSDKLoginKit.framework */ = {isa = PBXFileReference; lastKnownFileType = wrapper.framework; name = FBSDKLoginKit.framework; path = FacebookSDK/FBSDKLoginKit.framework; sourceTree = "<group>"; };
		25DE1FBF1FADAAC800EA77D6 /* FBSDKCoreKit.framework */ = {isa = PBXFileReference; lastKnownFileType = wrapper.framework; name = FBSDKCoreKit.framework; path = FacebookSDK/FBSDKCoreKit.framework; sourceTree = "<group>"; };
		25DF9A011C5E00E100469BA8 /* License.swift */ = {isa = PBXFileReference; fileEncoding = 4; lastKnownFileType = sourcecode.swift; path = License.swift; sourceTree = "<group>"; };
		25E4DC2D1BF7347200EC5A8C /* on.mp3 */ = {isa = PBXFileReference; lastKnownFileType = audio.mp3; path = on.mp3; sourceTree = "<group>"; };
		25E4DC2F1BF7360D00EC5A8C /* channel_message.mp3 */ = {isa = PBXFileReference; lastKnownFileType = audio.mp3; path = channel_message.mp3; sourceTree = "<group>"; };
		25E4DC301BF7360D00EC5A8C /* serverlost.mp3 */ = {isa = PBXFileReference; lastKnownFileType = audio.mp3; path = serverlost.mp3; sourceTree = "<group>"; };
		25E4DC311BF7360D00EC5A8C /* user_message.mp3 */ = {isa = PBXFileReference; lastKnownFileType = audio.mp3; path = user_message.mp3; sourceTree = "<group>"; };
/* End PBXFileReference section */

/* Begin PBXFrameworksBuildPhase section */
		254B7A441B98BAA300BE0DEF /* Frameworks */ = {
			isa = PBXFrameworksBuildPhase;
			buildActionMask = 2147483647;
			files = (
				25DE1FC01FADAAC800EA77D6 /* FBSDKLoginKit.framework in Frameworks */,
				25DE1FC11FADAAC800EA77D6 /* FBSDKCoreKit.framework in Frameworks */,
				254B7A7B1B99E77000BE0DEF /* libTeamTalk5.a in Frameworks */,
				254B7A721B99E67400BE0DEF /* AudioToolbox.framework in Frameworks */,
				254B7A731B99E67400BE0DEF /* AVFoundation.framework in Frameworks */,
				254B7A791B99E69200BE0DEF /* libz.dylib in Frameworks */,
				254B7A771B99E68800BE0DEF /* libstdc++.dylib in Frameworks */,
			);
			runOnlyForDeploymentPostprocessing = 0;
		};
		254B7A591B98BAA400BE0DEF /* Frameworks */ = {
			isa = PBXFrameworksBuildPhase;
			buildActionMask = 2147483647;
			files = (
			);
			runOnlyForDeploymentPostprocessing = 0;
		};
/* End PBXFrameworksBuildPhase section */

/* Begin PBXGroup section */
		254B7A3E1B98BAA300BE0DEF = {
			isa = PBXGroup;
			children = (
				253343BE1C8C85CF00B43A9A /* Splash-568h.png */,
				254B7A7A1B99E77000BE0DEF /* libTeamTalk5.a */,
				254B7A781B99E69200BE0DEF /* libz.dylib */,
				254B7A751B99E68800BE0DEF /* libstdc++.dylib */,
				254B7A701B99E67400BE0DEF /* AudioToolbox.framework */,
				254B7A711B99E67400BE0DEF /* AVFoundation.framework */,
				254B7A491B98BAA300BE0DEF /* iTeamTalk */,
				254B7A5F1B98BAA400BE0DEF /* iTeamTalkTests */,
				254B7A481B98BAA300BE0DEF /* Products */,
				25DE1FBD1FADAAC700EA77D6 /* Frameworks */,
			);
			sourceTree = "<group>";
		};
		254B7A481B98BAA300BE0DEF /* Products */ = {
			isa = PBXGroup;
			children = (
				254B7A471B98BAA300BE0DEF /* iTeamTalk.app */,
				254B7A5C1B98BAA400BE0DEF /* iTeamTalkTests.xctest */,
			);
			name = Products;
			sourceTree = "<group>";
		};
		254B7A491B98BAA300BE0DEF /* iTeamTalk */ = {
			isa = PBXGroup;
			children = (
				259B12F71C4182E7008A355E /* Localizable.strings */,
				25E4DC2C1BF7291000EC5A8C /* Sounds */,
				254B7A4C1B98BAA300BE0DEF /* AppDelegate.swift */,
				254B7A6E1B98C89600BE0DEF /* AppInfo.swift */,
				2537133D1BCEA77D00A7ADB3 /* AudioCodecViewController.swift */,
				2516CB6D1BA9EE9900EF9A17 /* ChannelDetailViewController.swift */,
				25A062761BA4789F00DC1F9B /* ChannelListViewController.swift */,
				25A062741BA477CB00DC1F9B /* ChannelTableCell.swift */,
				25DD929E1BB2FA0E00779988 /* Common.swift */,
				25DF9A011C5E00E100469BA8 /* License.swift */,
				253713351BC8F0C700A7ADB3 /* MainTabBarController.swift */,
				25AA20691BE933310089AD54 /* PreferencesViewController.swift */,
				254B7A811B9F73F300BE0DEF /* ServerDetailViewController.swift */,
				254B7A831BA0C72700BE0DEF /* ServerListViewController.swift */,
				254B7A6C1B98BCFC00BE0DEF /* ServerTableCell.swift */,
				25BA014821557F48003C836D /* SoundEventsViewController.swift */,
				2501A9C01C59254A00C729B3 /* SpeechListViewController.swift */,
				2537133B1BCA59E600A7ADB3 /* TextMessageViewController.swift */,
				251F61351BD68F6700617C43 /* TextMsgTableCell.swift */,
				25BA014621557109003C836D /* TextToSpeechViewController.swift */,
				2516CB711BA9FE8B00EF9A17 /* UserDetailViewController.swift */,
				2516CB6B1BA8818B00EF9A17 /* UserTableCell.swift */,
				251B87C8225000E8009DC5AC /* WebLoginViewController.swift */,
				254B7A501B98BAA300BE0DEF /* Main.storyboard */,
				254B7A531B98BAA300BE0DEF /* Images.xcassets */,
				254B7A551B98BAA300BE0DEF /* LaunchScreen.xib */,
				253713391BC97D1200A7ADB3 /* Settings.bundle */,
				254B7A7F1B9DE2C700BE0DEF /* iTeamTalk-Bridging-Header.m */,
				254B7A7E1B9DE2C500BE0DEF /* iTeamTalk-Bridging-Header.h */,
				254B7A4A1B98BAA300BE0DEF /* Supporting Files */,
			);
			path = iTeamTalk;
			sourceTree = "<group>";
		};
		254B7A4A1B98BAA300BE0DEF /* Supporting Files */ = {
			isa = PBXGroup;
			children = (
				254B7A4B1B98BAA300BE0DEF /* Info.plist */,
			);
			name = "Supporting Files";
			sourceTree = "<group>";
		};
		254B7A5F1B98BAA400BE0DEF /* iTeamTalkTests */ = {
			isa = PBXGroup;
			children = (
				254B7A621B98BAA400BE0DEF /* iTeamTalkTests.swift */,
				254B7A601B98BAA400BE0DEF /* Supporting Files */,
			);
			path = iTeamTalkTests;
			sourceTree = "<group>";
		};
		254B7A601B98BAA400BE0DEF /* Supporting Files */ = {
			isa = PBXGroup;
			children = (
				254B7A611B98BAA400BE0DEF /* Info.plist */,
			);
			name = "Supporting Files";
			sourceTree = "<group>";
		};
		25DE1FBD1FADAAC700EA77D6 /* Frameworks */ = {
			isa = PBXGroup;
			children = (
				25DE1FBF1FADAAC800EA77D6 /* FBSDKCoreKit.framework */,
				25DE1FBE1FADAAC800EA77D6 /* FBSDKLoginKit.framework */,
			);
			name = Frameworks;
			sourceTree = "<group>";
		};
		25E4DC2C1BF7291000EC5A8C /* Sounds */ = {
			isa = PBXGroup;
			children = (
				25D205E422ACCD260009F286 /* broadcast_message.mp3 */,
				25E4DC2F1BF7360D00EC5A8C /* channel_message.mp3 */,
				254C08491C345E3700C98566 /* newuser.mp3 */,
				25AA206D1BEBCA0A0089AD54 /* off.mp3 */,
				25E4DC2D1BF7347200EC5A8C /* on.mp3 */,
				254C084A1C345E3700C98566 /* removeuser.mp3 */,
				25E4DC301BF7360D00EC5A8C /* serverlost.mp3 */,
				251997F31EBA5FD3003C94B1 /* txqueue_start.mp3 */,
				251997F51EBA5FDE003C94B1 /* txqueue_stop.mp3 */,
				25E4DC311BF7360D00EC5A8C /* user_message.mp3 */,
				251997F71EBA5FE7003C94B1 /* voiceact_off.mp3 */,
				251997F91EBA5FEF003C94B1 /* voiceact_on.mp3 */,
			);
			name = Sounds;
			sourceTree = "<group>";
		};
/* End PBXGroup section */

/* Begin PBXNativeTarget section */
		254B7A461B98BAA300BE0DEF /* iTeamTalk */ = {
			isa = PBXNativeTarget;
			buildConfigurationList = 254B7A661B98BAA400BE0DEF /* Build configuration list for PBXNativeTarget "iTeamTalk" */;
			buildPhases = (
				254B7A431B98BAA300BE0DEF /* Sources */,
				254B7A441B98BAA300BE0DEF /* Frameworks */,
				254B7A451B98BAA300BE0DEF /* Resources */,
			);
			buildRules = (
			);
			dependencies = (
			);
			name = iTeamTalk;
			productName = iTeamTalk;
			productReference = 254B7A471B98BAA300BE0DEF /* iTeamTalk.app */;
			productType = "com.apple.product-type.application";
		};
		254B7A5B1B98BAA400BE0DEF /* iTeamTalkTests */ = {
			isa = PBXNativeTarget;
			buildConfigurationList = 254B7A691B98BAA400BE0DEF /* Build configuration list for PBXNativeTarget "iTeamTalkTests" */;
			buildPhases = (
				254B7A581B98BAA400BE0DEF /* Sources */,
				254B7A591B98BAA400BE0DEF /* Frameworks */,
				254B7A5A1B98BAA400BE0DEF /* Resources */,
			);
			buildRules = (
			);
			dependencies = (
				254B7A5E1B98BAA400BE0DEF /* PBXTargetDependency */,
			);
			name = iTeamTalkTests;
			productName = iTeamTalkTests;
			productReference = 254B7A5C1B98BAA400BE0DEF /* iTeamTalkTests.xctest */;
			productType = "com.apple.product-type.bundle.unit-test";
		};
/* End PBXNativeTarget section */

/* Begin PBXProject section */
		254B7A3F1B98BAA300BE0DEF /* Project object */ = {
			isa = PBXProject;
			attributes = {
				LastSwiftMigration = 0710;
				LastSwiftUpdateCheck = 0710;
				LastUpgradeCheck = 0940;
				ORGANIZATIONNAME = BearWare.dk;
				TargetAttributes = {
					254B7A461B98BAA300BE0DEF = {
						CreatedOnToolsVersion = 6.4;
						DevelopmentTeam = QF4DLGWC27;
						LastSwiftMigration = 1020;
						SystemCapabilities = {
							com.apple.BackgroundModes = {
								enabled = 1;
							};
						};
					};
					254B7A5B1B98BAA400BE0DEF = {
						CreatedOnToolsVersion = 6.4;
						LastSwiftMigration = 1020;
						TestTargetID = 254B7A461B98BAA300BE0DEF;
					};
				};
			};
			buildConfigurationList = 254B7A421B98BAA300BE0DEF /* Build configuration list for PBXProject "iTeamTalk" */;
			compatibilityVersion = "Xcode 3.2";
			developmentRegion = en;
			hasScannedForEncodings = 0;
			knownRegions = (
				en,
				Base,
				tr,
				ru,
				de,
				es,
				fr,
				pl,
				hu,
				da,
				nl,
				ar,
				zh,
			);
			mainGroup = 254B7A3E1B98BAA300BE0DEF;
			productRefGroup = 254B7A481B98BAA300BE0DEF /* Products */;
			projectDirPath = "";
			projectRoot = "";
			targets = (
				254B7A461B98BAA300BE0DEF /* iTeamTalk */,
				254B7A5B1B98BAA400BE0DEF /* iTeamTalkTests */,
			);
		};
/* End PBXProject section */

/* Begin PBXResourcesBuildPhase section */
		254B7A451B98BAA300BE0DEF /* Resources */ = {
			isa = PBXResourcesBuildPhase;
			buildActionMask = 2147483647;
			files = (
				253343BF1C8C85CF00B43A9A /* Splash-568h.png in Resources */,
				25E4DC321BF7360D00EC5A8C /* channel_message.mp3 in Resources */,
				259B12F91C4182E7008A355E /* Localizable.strings in Resources */,
				2537133A1BC97D1200A7ADB3 /* Settings.bundle in Resources */,
				25AA206E1BEBCA0A0089AD54 /* off.mp3 in Resources */,
				25E4DC341BF7360D00EC5A8C /* user_message.mp3 in Resources */,
				251997F81EBA5FE7003C94B1 /* voiceact_off.mp3 in Resources */,
				254C084B1C345E3700C98566 /* newuser.mp3 in Resources */,
				251997F61EBA5FDE003C94B1 /* txqueue_stop.mp3 in Resources */,
				254C084C1C345E3700C98566 /* removeuser.mp3 in Resources */,
				25D205E522ACCD260009F286 /* broadcast_message.mp3 in Resources */,
				254B7A521B98BAA300BE0DEF /* Main.storyboard in Resources */,
				254B7A571B98BAA300BE0DEF /* LaunchScreen.xib in Resources */,
				251997FA1EBA5FEF003C94B1 /* voiceact_on.mp3 in Resources */,
				25E4DC331BF7360D00EC5A8C /* serverlost.mp3 in Resources */,
				251997F41EBA5FD3003C94B1 /* txqueue_start.mp3 in Resources */,
				254B7A541B98BAA300BE0DEF /* Images.xcassets in Resources */,
				25E4DC2E1BF7347200EC5A8C /* on.mp3 in Resources */,
			);
			runOnlyForDeploymentPostprocessing = 0;
		};
		254B7A5A1B98BAA400BE0DEF /* Resources */ = {
			isa = PBXResourcesBuildPhase;
			buildActionMask = 2147483647;
			files = (
			);
			runOnlyForDeploymentPostprocessing = 0;
		};
/* End PBXResourcesBuildPhase section */

/* Begin PBXSourcesBuildPhase section */
		254B7A431B98BAA300BE0DEF /* Sources */ = {
			isa = PBXSourcesBuildPhase;
			buildActionMask = 2147483647;
			files = (
				254B7A841BA0C72700BE0DEF /* ServerListViewController.swift in Sources */,
				254B7A6F1B98C89600BE0DEF /* AppInfo.swift in Sources */,
				25DD929F1BB2FA0E00779988 /* Common.swift in Sources */,
				2516CB721BA9FE8B00EF9A17 /* UserDetailViewController.swift in Sources */,
				25DF9A021C5E00E100469BA8 /* License.swift in Sources */,
				251B87C9225000E8009DC5AC /* WebLoginViewController.swift in Sources */,
				25BA014921557F48003C836D /* SoundEventsViewController.swift in Sources */,
				25A062751BA477CB00DC1F9B /* ChannelTableCell.swift in Sources */,
				251F61361BD68F6700617C43 /* TextMsgTableCell.swift in Sources */,
				2537133C1BCA59E600A7ADB3 /* TextMessageViewController.swift in Sources */,
				2516CB6C1BA8818B00EF9A17 /* UserTableCell.swift in Sources */,
				2501A9C11C59254A00C729B3 /* SpeechListViewController.swift in Sources */,
				254B7A6D1B98BCFC00BE0DEF /* ServerTableCell.swift in Sources */,
				254B7A821B9F73F300BE0DEF /* ServerDetailViewController.swift in Sources */,
				25BA014721557109003C836D /* TextToSpeechViewController.swift in Sources */,
				25AA206A1BE933310089AD54 /* PreferencesViewController.swift in Sources */,
				254B7A4D1B98BAA300BE0DEF /* AppDelegate.swift in Sources */,
				2537133E1BCEA77D00A7ADB3 /* AudioCodecViewController.swift in Sources */,
				2516CB6E1BA9EE9900EF9A17 /* ChannelDetailViewController.swift in Sources */,
				25A062771BA4789F00DC1F9B /* ChannelListViewController.swift in Sources */,
				254B7A801B9DE2C700BE0DEF /* iTeamTalk-Bridging-Header.m in Sources */,
				253713361BC8F0C700A7ADB3 /* MainTabBarController.swift in Sources */,
			);
			runOnlyForDeploymentPostprocessing = 0;
		};
		254B7A581B98BAA400BE0DEF /* Sources */ = {
			isa = PBXSourcesBuildPhase;
			buildActionMask = 2147483647;
			files = (
				254B7A631B98BAA400BE0DEF /* iTeamTalkTests.swift in Sources */,
			);
			runOnlyForDeploymentPostprocessing = 0;
		};
/* End PBXSourcesBuildPhase section */

/* Begin PBXTargetDependency section */
		254B7A5E1B98BAA400BE0DEF /* PBXTargetDependency */ = {
			isa = PBXTargetDependency;
			target = 254B7A461B98BAA300BE0DEF /* iTeamTalk */;
			targetProxy = 254B7A5D1B98BAA400BE0DEF /* PBXContainerItemProxy */;
		};
/* End PBXTargetDependency section */

/* Begin PBXVariantGroup section */
		254B7A501B98BAA300BE0DEF /* Main.storyboard */ = {
			isa = PBXVariantGroup;
			children = (
				254B7A511B98BAA300BE0DEF /* Base */,
				254057771C418D190090C769 /* tr */,
				256328171C41A9F20055373F /* ru */,
				25AB78D31C4831460073E6B8 /* de */,
				25AB78D61C494DD50073E6B8 /* es */,
				2501A9B81C52A35900C729B3 /* fr */,
				2501A9BB1C52A36800C729B3 /* pl */,
				251B42671C5BC1C8009650EA /* en */,
				251B42681C5D4723009650EA /* hu */,
				251B426A1C5D4A31009650EA /* da */,
				252BDD5F1C85F90600102B5E /* nl */,
				251997F01EB911FA003C94B1 /* ar */,
				252EB82C21921FE60026A2D0 /* zh */,
			);
			name = Main.storyboard;
			sourceTree = "<group>";
		};
		254B7A551B98BAA300BE0DEF /* LaunchScreen.xib */ = {
			isa = PBXVariantGroup;
			children = (
				254B7A561B98BAA300BE0DEF /* Base */,
			);
			name = LaunchScreen.xib;
			sourceTree = "<group>";
		};
		259B12F71C4182E7008A355E /* Localizable.strings */ = {
			isa = PBXVariantGroup;
			children = (
				259B12F81C4182E7008A355E /* Base */,
				259B12FA1C4182FE008A355E /* en */,
				254057791C418D190090C769 /* tr */,
				256328191C41A9F20055373F /* ru */,
				25AB78D51C4831460073E6B8 /* de */,
				25AB78D81C494DD50073E6B8 /* es */,
				2501A9BA1C52A35A00C729B3 /* fr */,
				2501A9BD1C52A36800C729B3 /* pl */,
				251B42691C5D4723009650EA /* hu */,
				251B426B1C5D4A31009650EA /* da */,
				252BDD611C85F90600102B5E /* nl */,
				251997F21EB911FB003C94B1 /* ar */,
				252EB82E21921FE70026A2D0 /* zh */,
			);
			name = Localizable.strings;
			sourceTree = "<group>";
		};
/* End PBXVariantGroup section */

/* Begin XCBuildConfiguration section */
		254B7A641B98BAA400BE0DEF /* Debug */ = {
			isa = XCBuildConfiguration;
			buildSettings = {
				ALWAYS_SEARCH_USER_PATHS = NO;
				CLANG_ANALYZER_LOCALIZABILITY_NONLOCALIZED = YES;
				CLANG_CXX_LANGUAGE_STANDARD = "gnu++0x";
				CLANG_CXX_LIBRARY = "libc++";
				CLANG_ENABLE_MODULES = YES;
				CLANG_ENABLE_OBJC_ARC = YES;
				CLANG_WARN_BLOCK_CAPTURE_AUTORELEASING = YES;
				CLANG_WARN_BOOL_CONVERSION = YES;
				CLANG_WARN_COMMA = YES;
				CLANG_WARN_CONSTANT_CONVERSION = YES;
				CLANG_WARN_DEPRECATED_OBJC_IMPLEMENTATIONS = YES;
				CLANG_WARN_DIRECT_OBJC_ISA_USAGE = YES_ERROR;
				CLANG_WARN_EMPTY_BODY = YES;
				CLANG_WARN_ENUM_CONVERSION = YES;
				CLANG_WARN_INFINITE_RECURSION = YES;
				CLANG_WARN_INT_CONVERSION = YES;
				CLANG_WARN_NON_LITERAL_NULL_CONVERSION = YES;
				CLANG_WARN_OBJC_IMPLICIT_RETAIN_SELF = YES;
				CLANG_WARN_OBJC_LITERAL_CONVERSION = YES;
				CLANG_WARN_OBJC_ROOT_CLASS = YES_ERROR;
				CLANG_WARN_RANGE_LOOP_ANALYSIS = YES;
				CLANG_WARN_STRICT_PROTOTYPES = YES;
				CLANG_WARN_SUSPICIOUS_MOVE = YES;
				CLANG_WARN_UNREACHABLE_CODE = YES;
				CLANG_WARN__DUPLICATE_METHOD_MATCH = YES;
				CODE_SIGN_IDENTITY = "iPhone Developer: Bjoern Rasmussen (UBYN6XLJB7)";
				"CODE_SIGN_IDENTITY[sdk=iphoneos*]" = "iPhone Developer: Bjoern Rasmussen (UBYN6XLJB7)";
				COPY_PHASE_STRIP = NO;
				DEBUG_INFORMATION_FORMAT = "dwarf-with-dsym";
				ENABLE_BITCODE = YES;
				ENABLE_STRICT_OBJC_MSGSEND = YES;
				ENABLE_TESTABILITY = YES;
				GCC_C_LANGUAGE_STANDARD = gnu99;
				GCC_DYNAMIC_NO_PIC = NO;
				GCC_NO_COMMON_BLOCKS = YES;
				GCC_OPTIMIZATION_LEVEL = 0;
				GCC_PREPROCESSOR_DEFINITIONS = (
					"DEBUG=1",
					"$(inherited)",
				);
				GCC_SYMBOLS_PRIVATE_EXTERN = NO;
				GCC_WARN_64_TO_32_BIT_CONVERSION = YES;
				GCC_WARN_ABOUT_RETURN_TYPE = YES_ERROR;
				GCC_WARN_UNDECLARED_SELECTOR = YES;
				GCC_WARN_UNINITIALIZED_AUTOS = YES_AGGRESSIVE;
				GCC_WARN_UNUSED_FUNCTION = YES;
				GCC_WARN_UNUSED_VARIABLE = YES;
				IPHONEOS_DEPLOYMENT_TARGET = 8.0;
				MTL_ENABLE_DEBUG_INFO = YES;
				ONLY_ACTIVE_ARCH = YES;
				SDKROOT = iphoneos;
				SWIFT_OPTIMIZATION_LEVEL = "-Onone";
				TARGETED_DEVICE_FAMILY = "1,2";
			};
			name = Debug;
		};
		254B7A651B98BAA400BE0DEF /* Release */ = {
			isa = XCBuildConfiguration;
			buildSettings = {
				ALWAYS_SEARCH_USER_PATHS = NO;
				CLANG_ANALYZER_LOCALIZABILITY_NONLOCALIZED = YES;
				CLANG_CXX_LANGUAGE_STANDARD = "gnu++0x";
				CLANG_CXX_LIBRARY = "libc++";
				CLANG_ENABLE_MODULES = YES;
				CLANG_ENABLE_OBJC_ARC = YES;
				CLANG_WARN_BLOCK_CAPTURE_AUTORELEASING = YES;
				CLANG_WARN_BOOL_CONVERSION = YES;
				CLANG_WARN_COMMA = YES;
				CLANG_WARN_CONSTANT_CONVERSION = YES;
				CLANG_WARN_DEPRECATED_OBJC_IMPLEMENTATIONS = YES;
				CLANG_WARN_DIRECT_OBJC_ISA_USAGE = YES_ERROR;
				CLANG_WARN_EMPTY_BODY = YES;
				CLANG_WARN_ENUM_CONVERSION = YES;
				CLANG_WARN_INFINITE_RECURSION = YES;
				CLANG_WARN_INT_CONVERSION = YES;
				CLANG_WARN_NON_LITERAL_NULL_CONVERSION = YES;
				CLANG_WARN_OBJC_IMPLICIT_RETAIN_SELF = YES;
				CLANG_WARN_OBJC_LITERAL_CONVERSION = YES;
				CLANG_WARN_OBJC_ROOT_CLASS = YES_ERROR;
				CLANG_WARN_RANGE_LOOP_ANALYSIS = YES;
				CLANG_WARN_STRICT_PROTOTYPES = YES;
				CLANG_WARN_SUSPICIOUS_MOVE = YES;
				CLANG_WARN_UNREACHABLE_CODE = YES;
				CLANG_WARN__DUPLICATE_METHOD_MATCH = YES;
				CODE_SIGN_IDENTITY = "iPhone Developer: Bjoern Rasmussen (UBYN6XLJB7)";
				"CODE_SIGN_IDENTITY[sdk=iphoneos*]" = "iPhone Developer: Bjoern Rasmussen (UBYN6XLJB7)";
				COPY_PHASE_STRIP = NO;
				DEBUG_INFORMATION_FORMAT = "dwarf-with-dsym";
				ENABLE_BITCODE = YES;
				ENABLE_NS_ASSERTIONS = NO;
				ENABLE_STRICT_OBJC_MSGSEND = YES;
				GCC_C_LANGUAGE_STANDARD = gnu99;
				GCC_NO_COMMON_BLOCKS = YES;
				GCC_WARN_64_TO_32_BIT_CONVERSION = YES;
				GCC_WARN_ABOUT_RETURN_TYPE = YES_ERROR;
				GCC_WARN_UNDECLARED_SELECTOR = YES;
				GCC_WARN_UNINITIALIZED_AUTOS = YES_AGGRESSIVE;
				GCC_WARN_UNUSED_FUNCTION = YES;
				GCC_WARN_UNUSED_VARIABLE = YES;
				IPHONEOS_DEPLOYMENT_TARGET = 8.0;
				MTL_ENABLE_DEBUG_INFO = NO;
				SDKROOT = iphoneos;
				SWIFT_OPTIMIZATION_LEVEL = "-Owholemodule";
				TARGETED_DEVICE_FAMILY = "1,2";
				VALIDATE_PRODUCT = YES;
			};
			name = Release;
		};
		254B7A671B98BAA400BE0DEF /* Debug */ = {
			isa = XCBuildConfiguration;
			buildSettings = {
				ASSETCATALOG_COMPILER_APPICON_NAME = AppIcon;
				ASSETCATALOG_COMPILER_LAUNCHIMAGE_NAME = "Brand Assets";
				CLANG_ENABLE_MODULES = YES;
				CODE_SIGN_IDENTITY = "iPhone Developer";
				CURRENT_PROJECT_VERSION = 2;
				DEVELOPMENT_TEAM = QF4DLGWC27;
				ENABLE_BITCODE = YES;
				FRAMEWORK_SEARCH_PATHS = FacebookSDK;
				INFOPLIST_FILE = iTeamTalk/Info.plist;
				IPHONEOS_DEPLOYMENT_TARGET = 8.0;
				LD_RUNPATH_SEARCH_PATHS = "$(inherited) @executable_path/Frameworks";
				LIBRARY_SEARCH_PATHS = (
					"$(inherited)",
					../../Library/TeamTalk_DLL/,
				);
				MARKETING_VERSION = 5.6;
				PRODUCT_BUNDLE_IDENTIFIER = BearWare.dk.iTeamTalk5;
				PRODUCT_NAME = "$(TARGET_NAME)";
				SWIFT_OBJC_BRIDGING_HEADER = "iTeamTalk/iTeamTalk-Bridging-Header.h";
				SWIFT_OPTIMIZATION_LEVEL = "-Onone";
				SWIFT_VERSION = 5.0;
				TARGETED_DEVICE_FAMILY = "1,2";
			};
			name = Debug;
		};
		254B7A681B98BAA400BE0DEF /* Release */ = {
			isa = XCBuildConfiguration;
			buildSettings = {
				ASSETCATALOG_COMPILER_APPICON_NAME = AppIcon;
				ASSETCATALOG_COMPILER_LAUNCHIMAGE_NAME = "Brand Assets";
				CLANG_ENABLE_MODULES = YES;
				CODE_SIGN_IDENTITY = "iPhone Developer";
				CURRENT_PROJECT_VERSION = 2;
				DEVELOPMENT_TEAM = QF4DLGWC27;
				ENABLE_BITCODE = YES;
				FRAMEWORK_SEARCH_PATHS = FacebookSDK;
				INFOPLIST_FILE = iTeamTalk/Info.plist;
				IPHONEOS_DEPLOYMENT_TARGET = 8.0;
				LD_RUNPATH_SEARCH_PATHS = "$(inherited) @executable_path/Frameworks";
				LIBRARY_SEARCH_PATHS = (
					"$(inherited)",
					../../Library/TeamTalk_DLL/,
				);
				MARKETING_VERSION = 5.6;
				PRODUCT_BUNDLE_IDENTIFIER = BearWare.dk.iTeamTalk5;
				PRODUCT_NAME = "$(TARGET_NAME)";
				SWIFT_OBJC_BRIDGING_HEADER = "iTeamTalk/iTeamTalk-Bridging-Header.h";
				SWIFT_VERSION = 5.0;
				TARGETED_DEVICE_FAMILY = "1,2";
			};
			name = Release;
		};
		254B7A6A1B98BAA400BE0DEF /* Debug */ = {
			isa = XCBuildConfiguration;
			buildSettings = {
				BUNDLE_LOADER = "$(TEST_HOST)";
				ENABLE_BITCODE = NO;
				FRAMEWORK_SEARCH_PATHS = "$(inherited)";
				GCC_PREPROCESSOR_DEFINITIONS = (
					"DEBUG=1",
					"$(inherited)",
				);
				INFOPLIST_FILE = iTeamTalkTests/Info.plist;
				LD_RUNPATH_SEARCH_PATHS = "$(inherited) @executable_path/Frameworks @loader_path/Frameworks";
				PRODUCT_BUNDLE_IDENTIFIER = "BearWare.dk.$(PRODUCT_NAME:rfc1034identifier)";
				PRODUCT_NAME = "$(TARGET_NAME)";
				SWIFT_VERSION = 5.0;
				TEST_HOST = "$(BUILT_PRODUCTS_DIR)/iTeamTalk.app/iTeamTalk";
			};
			name = Debug;
		};
		254B7A6B1B98BAA400BE0DEF /* Release */ = {
			isa = XCBuildConfiguration;
			buildSettings = {
				BUNDLE_LOADER = "$(TEST_HOST)";
				ENABLE_BITCODE = NO;
				FRAMEWORK_SEARCH_PATHS = "$(inherited)";
				INFOPLIST_FILE = iTeamTalkTests/Info.plist;
				LD_RUNPATH_SEARCH_PATHS = "$(inherited) @executable_path/Frameworks @loader_path/Frameworks";
				PRODUCT_BUNDLE_IDENTIFIER = "BearWare.dk.$(PRODUCT_NAME:rfc1034identifier)";
				PRODUCT_NAME = "$(TARGET_NAME)";
				SWIFT_VERSION = 5.0;
				TEST_HOST = "$(BUILT_PRODUCTS_DIR)/iTeamTalk.app/iTeamTalk";
			};
			name = Release;
		};
/* End XCBuildConfiguration section */

/* Begin XCConfigurationList section */
		254B7A421B98BAA300BE0DEF /* Build configuration list for PBXProject "iTeamTalk" */ = {
			isa = XCConfigurationList;
			buildConfigurations = (
				254B7A641B98BAA400BE0DEF /* Debug */,
				254B7A651B98BAA400BE0DEF /* Release */,
			);
			defaultConfigurationIsVisible = 0;
			defaultConfigurationName = Release;
		};
		254B7A661B98BAA400BE0DEF /* Build configuration list for PBXNativeTarget "iTeamTalk" */ = {
			isa = XCConfigurationList;
			buildConfigurations = (
				254B7A671B98BAA400BE0DEF /* Debug */,
				254B7A681B98BAA400BE0DEF /* Release */,
			);
			defaultConfigurationIsVisible = 0;
			defaultConfigurationName = Release;
		};
		254B7A691B98BAA400BE0DEF /* Build configuration list for PBXNativeTarget "iTeamTalkTests" */ = {
			isa = XCConfigurationList;
			buildConfigurations = (
				254B7A6A1B98BAA400BE0DEF /* Debug */,
				254B7A6B1B98BAA400BE0DEF /* Release */,
			);
			defaultConfigurationIsVisible = 0;
			defaultConfigurationName = Release;
		};
/* End XCConfigurationList section */
	};
	rootObject = 254B7A3F1B98BAA300BE0DEF /* Project object */;
}
