<?xml version="1.0" encoding="utf-8"?>
<Project ToolsVersion="4.0" xmlns="http://schemas.microsoft.com/developer/msbuild/2003">
  <ItemGroup>
    <Filter Include="Source Files">
      <UniqueIdentifier>{B1F27843-FECA-1BAD-9C8C-B917827AAC9E}</UniqueIdentifier>
      <Extensions>cpp;cxx;cc;c;C</Extensions>
    </Filter>
    <Filter Include="Header Files">
      <UniqueIdentifier>{06319535-FECA-1BAD-9C8C-B917827AAC9E}</UniqueIdentifier>
      <Extensions>h;hpp;hxx;hh</Extensions>
    </Filter>
  </ItemGroup>
  <ItemGroup>
    <ClCompile Include="jni\teamtalk-jni.cpp">
      <Filter>Source Files</Filter>
    </ClCompile>
    <ClCompile Include="jni\ttconvert-jni.cpp">
      <Filter>Source Files</Filter>
    </ClCompile>
  </ItemGroup>
  <ItemGroup>
    <ClInclude Include="jni\teamtalk-jni.h">
      <Filter>Header Files</Filter>
    </ClInclude>
    <ClInclude Include="jni\ttconvert-jni.h">
      <Filter>Header Files</Filter>
    </ClInclude>
  </ItemGroup>
</Project>
